Microsoft Visual Studio Solution File, Format Version 12.00
# Visual Studio Version 17
VisualStudioVersion = 17.0.31903.59
MinimumVisualStudioVersion = 10.0.40219.1
Project("{2150E333-8FDC-42A3-9474-1A3956D46DE8}") = "src", "src", "{827E0CD3-B72D-47B6-A68D-7590B98EB39B}"
EndProject
Project("{FAE04EC0-301F-11D3-BF4B-00C04F79EFBC}") = "Replica.App", "src\Replica.App\Replica.App.csproj", "{239E5ACB-BBD2-4ED0-BC44-41B96DF7392A}"
EndProject
Project("{FAE04EC0-301F-11D3-BF4B-00C04F79EFBC}") = "Replica.Core", "src\Replica.Core\Replica.Core.csproj", "{DAE92765-2240-400C-869D-50CF50FD50A3}"
EndProject
Project("{FAE04EC0-301F-11D3-BF4B-00C04F79EFBC}") = "Replica.Infrastructure", "src\Replica.Infrastructure\Replica.Infrastructure.csproj", "{9DA3B49F-46F5-43EF-B40B-B747C38F633A}"
EndProject
Project("{FAE04EC0-301F-11D3-BF4B-00C04F79EFBC}") = "Replica.Plugins.BuiltIn", "src\Replica.Plugins.BuiltIn\Replica.Plugins.BuiltIn.csproj", "{80FD4C57-BB02-4329-9270-96B7613CA230}"
EndProject
Project("{2150E333-8FDC-42A3-9474-1A3956D46DE8}") = "tests", "tests", "{0AB3BF05-4346-4AA6-1389-037BE0695223}"
EndProject
Project("{FAE04EC0-301F-11D3-BF4B-00C04F79EFBC}") = "Replica.Core.Tests", "tests\Replica.Core.Tests\Replica.Core.Tests.csproj", "{EFBD0A33-2CBE-4BCC-8B39-035AA3F6AD0A}"
EndProject
Project("{FAE04EC0-301F-11D3-BF4B-00C04F79EFBC}") = "Replica.Infrastructure.Tests", "tests\Replica.Infrastructure.Tests\Replica.Infrastructure.Tests.csproj", "{C67438B7-CFB4-4784-A92A-EABA6AA2592C}"
EndProject
Project("{FAE04EC0-301F-11D3-BF4B-00C04F79EFBC}") = "Replica.IntegrationTests", "tests\Replica.IntegrationTests\Replica.IntegrationTests.csproj", "{428FE851-4951-48EB-9B10-E2C513E0C305}"
EndProject
Global
	GlobalSection(SolutionConfigurationPlatforms) = preSolution
		Debug|Any CPU = Debug|Any CPU
		Debug|x64 = Debug|x64
		Debug|x86 = Debug|x86
		Release|Any CPU = Release|Any CPU
		Release|x64 = Release|x64
		Release|x86 = Release|x86
	EndGlobalSection
	GlobalSection(ProjectConfigurationPlatforms) = postSolution
		{239E5ACB-BBD2-4ED0-BC44-41B96DF7392A}.Debug|Any CPU.ActiveCfg = Debug|Any CPU
		{239E5ACB-BBD2-4ED0-BC44-41B96DF7392A}.Debug|Any CPU.Build.0 = Debug|Any CPU
		{239E5ACB-BBD2-4ED0-BC44-41B96DF7392A}.Debug|x64.ActiveCfg = Debug|Any CPU
		{239E5ACB-BBD2-4ED0-BC44-41B96DF7392A}.Debug|x64.Build.0 = Debug|Any CPU
		{239E5ACB-BBD2-4ED0-BC44-41B96DF7392A}.Debug|x86.ActiveCfg = Debug|Any CPU
		{239E5ACB-BBD2-4ED0-BC44-41B96DF7392A}.Debug|x86.Build.0 = Debug|Any CPU
		{239E5ACB-BBD2-4ED0-BC44-41B96DF7392A}.Release|Any CPU.ActiveCfg = Release|Any CPU
		{239E5ACB-BBD2-4ED0-BC44-41B96DF7392A}.Release|Any CPU.Build.0 = Release|Any CPU
		{239E5ACB-BBD2-4ED0-BC44-41B96DF7392A}.Release|x64.ActiveCfg = Release|Any CPU
		{239E5ACB-BBD2-4ED0-BC44-41B96DF7392A}.Release|x64.Build.0 = Release|Any CPU
		{239E5ACB-BBD2-4ED0-BC44-41B96DF7392A}.Release|x86.ActiveCfg = Release|Any CPU
		{239E5ACB-BBD2-4ED0-BC44-41B96DF7392A}.Release|x86.Build.0 = Release|Any CPU
		{DAE92765-2240-400C-869D-50CF50FD50A3}.Debug|Any CPU.ActiveCfg = Debug|Any CPU
		{DAE92765-2240-400C-869D-50CF50FD50A3}.Debug|Any CPU.Build.0 = Debug|Any CPU
		{DAE92765-2240-400C-869D-50CF50FD50A3}.Debug|x64.ActiveCfg = Debug|Any CPU
		{DAE92765-2240-400C-869D-50CF50FD50A3}.Debug|x64.Build.0 = Debug|Any CPU
		{DAE92765-2240-400C-869D-50CF50FD50A3}.Debug|x86.ActiveCfg = Debug|Any CPU
		{DAE92765-2240-400C-869D-50CF50FD50A3}.Debug|x86.Build.0 = Debug|Any CPU
		{DAE92765-2240-400C-869D-50CF50FD50A3}.Release|Any CPU.ActiveCfg = Release|Any CPU
		{DAE92765-2240-400C-869D-50CF50FD50A3}.Release|Any CPU.Build.0 = Release|Any CPU
		{DAE92765-2240-400C-869D-50CF50FD50A3}.Release|x64.ActiveCfg = Release|Any CPU
		{DAE92765-2240-400C-869D-50CF50FD50A3}.Release|x64.Build.0 = Release|Any CPU
		{DAE92765-2240-400C-869D-50CF50FD50A3}.Release|x86.ActiveCfg = Release|Any CPU
		{DAE92765-2240-400C-869D-50CF50FD50A3}.Release|x86.Build.0 = Release|Any CPU
		{9DA3B49F-46F5-43EF-B40B-B747C38F633A}.Debug|Any CPU.ActiveCfg = Debug|Any CPU
		{9DA3B49F-46F5-43EF-B40B-B747C38F633A}.Debug|Any CPU.Build.0 = Debug|Any CPU
		{9DA3B49F-46F5-43EF-B40B-B747C38F633A}.Debug|x64.ActiveCfg = Debug|Any CPU
		{9DA3B49F-46F5-43EF-B40B-B747C38F633A}.Debug|x64.Build.0 = Debug|Any CPU
		{9DA3B49F-46F5-43EF-B40B-B747C38F633A}.Debug|x86.ActiveCfg = Debug|Any CPU
		{9DA3B49F-46F5-43EF-B40B-B747C38F633A}.Debug|x86.Build.0 = Debug|Any CPU
		{9DA3B49F-46F5-43EF-B40B-B747C38F633A}.Release|Any CPU.ActiveCfg = Release|Any CPU
		{9DA3B49F-46F5-43EF-B40B-B747C38F633A}.Release|Any CPU.Build.0 = Release|Any CPU
		{9DA3B49F-46F5-43EF-B40B-B747C38F633A}.Release|x64.ActiveCfg = Release|Any CPU
		{9DA3B49F-46F5-43EF-B40B-B747C38F633A}.Release|x64.Build.0 = Release|Any CPU
		{9DA3B49F-46F5-43EF-B40B-B747C38F633A}.Release|x86.ActiveCfg = Release|Any CPU
		{9DA3B49F-46F5-43EF-B40B-B747C38F633A}.Release|x86.Build.0 = Release|Any CPU
		{80FD4C57-BB02-4329-9270-96B7613CA230}.Debug|Any CPU.ActiveCfg = Debug|Any CPU
		{80FD4C57-BB02-4329-9270-96B7613CA230}.Debug|Any CPU.Build.0 = Debug|Any CPU
		{80FD4C57-BB02-4329-9270-96B7613CA230}.Debug|x64.ActiveCfg = Debug|Any CPU
		{80FD4C57-BB02-4329-9270-96B7613CA230}.Debug|x64.Build.0 = Debug|Any CPU
		{80FD4C57-BB02-4329-9270-96B7613CA230}.Debug|x86.ActiveCfg = Debug|Any CPU
		{80FD4C57-BB02-4329-9270-96B7613CA230}.Debug|x86.Build.0 = Debug|Any CPU
		{80FD4C57-BB02-4329-9270-96B7613CA230}.Release|Any CPU.ActiveCfg = Release|Any CPU
		{80FD4C57-BB02-4329-9270-96B7613CA230}.Release|Any CPU.Build.0 = Release|Any CPU
		{80FD4C57-BB02-4329-9270-96B7613CA230}.Release|x64.ActiveCfg = Release|Any CPU
		{80FD4C57-BB02-4329-9270-96B7613CA230}.Release|x64.Build.0 = Release|Any CPU
		{80FD4C57-BB02-4329-9270-96B7613CA230}.Release|x86.ActiveCfg = Release|Any CPU
		{80FD4C57-BB02-4329-9270-96B7613CA230}.Release|x86.Build.0 = Release|Any CPU
		{EFBD0A33-2CBE-4BCC-8B39-035AA3F6AD0A}.Debug|Any CPU.ActiveCfg = Debug|Any CPU
		{EFBD0A33-2CBE-4BCC-8B39-035AA3F6AD0A}.Debug|Any CPU.Build.0 = Debug|Any CPU
		{EFBD0A33-2CBE-4BCC-8B39-035AA3F6AD0A}.Debug|x64.ActiveCfg = Debug|Any CPU
		{EFBD0A33-2CBE-4BCC-8B39-035AA3F6AD0A}.Debug|x64.Build.0 = Debug|Any CPU
		{EFBD0A33-2CBE-4BCC-8B39-035AA3F6AD0A}.Debug|x86.ActiveCfg = Debug|Any CPU
		{EFBD0A33-2CBE-4BCC-8B39-035AA3F6AD0A}.Debug|x86.Build.0 = Debug|Any CPU
		{EFBD0A33-2CBE-4BCC-8B39-035AA3F6AD0A}.Release|Any CPU.ActiveCfg = Release|Any CPU
		{EFBD0A33-2CBE-4BCC-8B39-035AA3F6AD0A}.Release|Any CPU.Build.0 = Release|Any CPU
		{EFBD0A33-2CBE-4BCC-8B39-035AA3F6AD0A}.Release|x64.ActiveCfg = Release|Any CPU
		{EFBD0A33-2CBE-4BCC-8B39-035AA3F6AD0A}.Release|x64.Build.0 = Release|Any CPU
		{EFBD0A33-2CBE-4BCC-8B39-035AA3F6AD0A}.Release|x86.ActiveCfg = Release|Any CPU
		{EFBD0A33-2CBE-4BCC-8B39-035AA3F6AD0A}.Release|x86.Build.0 = Release|Any CPU
		{C67438B7-CFB4-4784-A92A-EABA6AA2592C}.Debug|Any CPU.ActiveCfg = Debug|Any CPU
		{C67438B7-CFB4-4784-A92A-EABA6AA2592C}.Debug|Any CPU.Build.0 = Debug|Any CPU
		{C67438B7-CFB4-4784-A92A-EABA6AA2592C}.Debug|x64.ActiveCfg = Debug|Any CPU
		{C67438B7-CFB4-4784-A92A-EABA6AA2592C}.Debug|x64.Build.0 = Debug|Any CPU
		{C67438B7-CFB4-4784-A92A-EABA6AA2592C}.Debug|x86.ActiveCfg = Debug|Any CPU
		{C67438B7-CFB4-4784-A92A-EABA6AA2592C}.Debug|x86.Build.0 = Debug|Any CPU
		{C67438B7-CFB4-4784-A92A-EABA6AA2592C}.Release|Any CPU.ActiveCfg = Release|Any CPU
		{C67438B7-CFB4-4784-A92A-EABA6AA2592C}.Release|Any CPU.Build.0 = Release|Any CPU
		{C67438B7-CFB4-4784-A92A-EABA6AA2592C}.Release|x64.ActiveCfg = Release|Any CPU
		{C67438B7-CFB4-4784-A92A-EABA6AA2592C}.Release|x64.Build.0 = Release|Any CPU
		{C67438B7-CFB4-4784-A92A-EABA6AA2592C}.Release|x86.ActiveCfg = Release|Any CPU
		{C67438B7-CFB4-4784-A92A-EABA6AA2592C}.Release|x86.Build.0 = Release|Any CPU
		{428FE851-4951-48EB-9B10-E2C513E0C305}.Debug|Any CPU.ActiveCfg = Debug|Any CPU
		{428FE851-4951-48EB-9B10-E2C513E0C305}.Debug|Any CPU.Build.0 = Debug|Any CPU
		{428FE851-4951-48EB-9B10-E2C513E0C305}.Debug|x64.ActiveCfg = Debug|Any CPU
		{428FE851-4951-48EB-9B10-E2C513E0C305}.Debug|x64.Build.0 = Debug|Any CPU
		{428FE851-4951-48EB-9B10-E2C513E0C305}.Debug|x86.ActiveCfg = Debug|Any CPU
		{428FE851-4951-48EB-9B10-E2C513E0C305}.Debug|x86.Build.0 = Debug|Any CPU
		{428FE851-4951-48EB-9B10-E2C513E0C305}.Release|Any CPU.ActiveCfg = Release|Any CPU
		{428FE851-4951-48EB-9B10-E2C513E0C305}.Release|Any CPU.Build.0 = Release|Any CPU
		{428FE851-4951-48EB-9B10-E2C513E0C305}.Release|x64.ActiveCfg = Release|Any CPU
		{428FE851-4951-48EB-9B10-E2C513E0C305}.Release|x64.Build.0 = Release|Any CPU
		{428FE851-4951-48EB-9B10-E2C513E0C305}.Release|x86.ActiveCfg = Release|Any CPU
		{428FE851-4951-48EB-9B10-E2C513E0C305}.Release|x86.Build.0 = Release|Any CPU
	EndGlobalSection
	GlobalSection(SolutionProperties) = preSolution
		HideSolutionNode = FALSE
	EndGlobalSection
	GlobalSection(NestedProjects) = preSolution
		{239E5ACB-BBD2-4ED0-BC44-41B96DF7392A} = {827E0CD3-B72D-47B6-A68D-7590B98EB39B}
		{DAE92765-2240-400C-869D-50CF50FD50A3} = {827E0CD3-B72D-47B6-A68D-7590B98EB39B}
		{9DA3B49F-46F5-43EF-B40B-B747C38F633A} = {827E0CD3-B72D-47B6-A68D-7590B98EB39B}
		{80FD4C57-BB02-4329-9270-96B7613CA230} = {827E0CD3-B72D-47B6-A68D-7590B98EB39B}
		{EFBD0A33-2CBE-4BCC-8B39-035AA3F6AD0A} = {0AB3BF05-4346-4AA6-1389-037BE0695223}
		{C67438B7-CFB4-4784-A92A-EABA6AA2592C} = {0AB3BF05-4346-4AA6-1389-037BE0695223}
		{428FE851-4951-48EB-9B10-E2C513E0C305} = {0AB3BF05-4346-4AA6-1389-037BE0695223}
	EndGlobalSection
EndGlobal
